Microsoft Visual Studio Solution File, Format Version 12.00
# Visual Studio Version 17
VisualStudioVersion = 17.5.2.0
MinimumVisualStudioVersion = 10.0.40219.1
Project("{FAE04EC0-301F-11D3-BF4B-00C04F79EFBC}") = "PROJETO FINAL 1", "PROJETO FINAL 1.csproj", "{EB17CA02-9717-C082-C368-5E01F2CE132E}"
EndProject
Global
	GlobalSection(SolutionConfigurationPlatforms) = preSolution
		Debug|Any CPU = Debug|Any CPU
		Release|Any CPU = Release|Any CPU
	EndGlobalSection
	GlobalSection(ProjectConfigurationPlatforms) = postSolution
		{EB17CA02-9717-C082-C368-5E01F2CE132E}.Debug|Any CPU.ActiveCfg = Debug|Any CPU
		{EB17CA02-9717-C082-C368-5E01F2CE132E}.Debug|Any CPU.Build.0 = Debug|Any CPU
		{EB17CA02-9717-C082-C368-5E01F2CE132E}.Release|Any CPU.ActiveCfg = Release|Any CPU
		{EB17CA02-9717-C082-C368-5E01F2CE132E}.Release|Any CPU.Build.0 = Release|Any CPU
	EndGlobalSection
	GlobalSection(SolutionProperties) = preSolution
		HideSolutionNode = FALSE
	EndGlobalSection
	GlobalSection(ExtensibilityGlobals) = postSolution
		SolutionGuid = {C525346E-E1E2-4B81-BC66-F10C35A9726C}
	EndGlobalSection
EndGlobal
